// !$*UTF8*$!
{
	archiveVersion = 1;
	classes = {
	};
	objectVersion = 55;
	objects = {

/* Begin PBXBuildFile section */
		350A90AB280DFCBC00D5BA6E /* Main.storyboard in Resources */ = {isa = PBXBuildFile; fileRef = 350A90AA280DFCBC00D5BA6E /* Main.storyboard */; };
		35A39B29280E08F4007D6064 /* InterviewersTVC.swift in Sources */ = {isa = PBXBuildFile; fileRef = 35A39B28280E08F4007D6064 /* InterviewersTVC.swift */; };
		35A39B2B280E0B15007D6064 /* CalendarVC.swift in Sources */ = {isa = PBXBuildFile; fileRef = 35A39B2A280E0B15007D6064 /* CalendarVC.swift */; };
		35A39B2D280E0BD5007D6064 /* MyInterviewsTVC.swift in Sources */ = {isa = PBXBuildFile; fileRef = 35A39B2C280E0BD5007D6064 /* MyInterviewsTVC.swift */; };
		35A39B2F280E10E0007D6064 /* AddNewInterviewVC.swift in Sources */ = {isa = PBXBuildFile; fileRef = 35A39B2E280E10E0007D6064 /* AddNewInterviewVC.swift */; };
		35A39B35280E1E6E007D6064 /* CustomModalViewController.swift in Sources */ = {isa = PBXBuildFile; fileRef = 35A39B34280E1E6E007D6064 /* CustomModalViewController.swift */; };
		35F2F004280DF50500B55B74 /* AppDelegate.swift in Sources */ = {isa = PBXBuildFile; fileRef = 35F2F003280DF50500B55B74 /* AppDelegate.swift */; };
		35F2F006280DF50500B55B74 /* SceneDelegate.swift in Sources */ = {isa = PBXBuildFile; fileRef = 35F2F005280DF50500B55B74 /* SceneDelegate.swift */; };
		35F2F00D280DF50800B55B74 /* Assets.xcassets in Resources */ = {isa = PBXBuildFile; fileRef = 35F2F00C280DF50800B55B74 /* Assets.xcassets */; };
		35F2F010280DF50800B55B74 /* LaunchScreen.storyboard in Resources */ = {isa = PBXBuildFile; fileRef = 35F2F00E280DF50800B55B74 /* LaunchScreen.storyboard */; };
		35F2F01C280DFB1600B55B74 /* AccountTVC.swift in Sources */ = {isa = PBXBuildFile; fileRef = 35F2F01B280DFB1600B55B74 /* AccountTVC.swift */; };
/* End PBXBuildFile section */

/* Begin PBXFileReference section */
		350A90AA280DFCBC00D5BA6E /* Main.storyboard */ = {isa = PBXFileReference; lastKnownFileType = file.storyboard; path = Main.storyboard; sourceTree = "<group>"; };
		35A39B28280E08F4007D6064 /* InterviewersTVC.swift */ = {isa = PBXFileReference; lastKnownFileType = sourcecode.swift; path = InterviewersTVC.swift; sourceTree = "<group>"; };
		35A39B2A280E0B15007D6064 /* CalendarVC.swift */ = {isa = PBXFileReference; lastKnownFileType = sourcecode.swift; path = CalendarVC.swift; sourceTree = "<group>"; };
		35A39B2C280E0BD5007D6064 /* MyInterviewsTVC.swift */ = {isa = PBXFileReference; lastKnownFileType = sourcecode.swift; path = MyInterviewsTVC.swift; sourceTree = "<group>"; };
		35A39B2E280E10E0007D6064 /* AddNewInterviewVC.swift */ = {isa = PBXFileReference; lastKnownFileType = sourcecode.swift; path = AddNewInterviewVC.swift; sourceTree = "<group>"; };
		35A39B34280E1E6E007D6064 /* CustomModalViewController.swift */ = {isa = PBXFileReference; lastKnownFileType = sourcecode.swift; path = CustomModalViewController.swift; sourceTree = "<group>"; };
		35F2F000280DF50400B55B74 /* InterviewApp.app */ = {isa = PBXFileReference; explicitFileType = wrapper.application; includeInIndex = 0; path = InterviewApp.app; sourceTree = BUILT_PRODUCTS_DIR; };
		35F2F003280DF50500B55B74 /* AppDelegate.swift */ = {isa = PBXFileReference; lastKnownFileType = sourcecode.swift; path = AppDelegate.swift; sourceTree = "<group>"; };
		35F2F005280DF50500B55B74 /* SceneDelegate.swift */ = {isa = PBXFileReference; lastKnownFileType = sourcecode.swift; path = SceneDelegate.swift; sourceTree = "<group>"; };
		35F2F00C280DF50800B55B74 /* Assets.xcassets */ = {isa = PBXFileReference; lastKnownFileType = folder.assetcatalog; path = Assets.xcassets; sourceTree = "<group>"; };
		35F2F00F280DF50800B55B74 /* Base */ = {isa = PBXFileReference; lastKnownFileType = file.storyboard; name = Base; path = Base.lproj/LaunchScreen.storyboard; sourceTree = "<group>"; };
		35F2F011280DF50800B55B74 /* Info.plist */ = {isa = PBXFileReference; lastKnownFileType = text.plist.xml; path = Info.plist; sourceTree = "<group>"; };
		35F2F01B280DFB1600B55B74 /* AccountTVC.swift */ = {isa = PBXFileReference; lastKnownFileType = sourcecode.swift; path = AccountTVC.swift; sourceTree = "<group>"; };
/* End PBXFileReference section */

/* Begin PBXFrameworksBuildPhase section */
		35F2EFFD280DF50400B55B74 /* Frameworks */ = {
			isa = PBXFrameworksBuildPhase;
			buildActionMask = 2147483647;
			files = (
			);
			runOnlyForDeploymentPostprocessing = 0;
		};
/* End PBXFrameworksBuildPhase section */

/* Begin PBXGroup section */
		35F2EFF7280DF50400B55B74 = {
			isa = PBXGroup;
			children = (
				35F2F002280DF50400B55B74 /* InterviewApp */,
				35F2F001280DF50400B55B74 /* Products */,
			);
			sourceTree = "<group>";
		};
		35F2F001280DF50400B55B74 /* Products */ = {
			isa = PBXGroup;
			children = (
				35F2F000280DF50400B55B74 /* InterviewApp.app */,
			);
			name = Products;
			sourceTree = "<group>";
		};
		35F2F002280DF50400B55B74 /* InterviewApp */ = {
			isa = PBXGroup;
			children = (
				35F2F017280DFA5A00B55B74 /* AppDelegates */,
				35F2F01A280DFA9A00B55B74 /* Models */,
				35F2F018280DFA6D00B55B74 /* ViewControllers */,
				35F2F019280DFA8B00B55B74 /* Views */,
				35F2F011280DF50800B55B74 /* Info.plist */,
				35F2F00C280DF50800B55B74 /* Assets.xcassets */,
			);
			path = InterviewApp;
			sourceTree = "<group>";
		};
		35F2F017280DFA5A00B55B74 /* AppDelegates */ = {
			isa = PBXGroup;
			children = (
				35F2F003280DF50500B55B74 /* AppDelegate.swift */,
				35F2F005280DF50500B55B74 /* SceneDelegate.swift */,
			);
			path = AppDelegates;
			sourceTree = "<group>";
		};
		35F2F018280DFA6D00B55B74 /* ViewControllers */ = {
			isa = PBXGroup;
			children = (
				35A39B2C280E0BD5007D6064 /* MyInterviewsTVC.swift */,
				35A39B28280E08F4007D6064 /* InterviewersTVC.swift */,
				35A39B2E280E10E0007D6064 /* AddNewInterviewVC.swift */,
				35F2F01B280DFB1600B55B74 /* AccountTVC.swift */,
				35A39B2A280E0B15007D6064 /* CalendarVC.swift */,
				35A39B34280E1E6E007D6064 /* CustomModalViewController.swift */,
			);
			path = ViewControllers;
			sourceTree = "<group>";
		};
		35F2F019280DFA8B00B55B74 /* Views */ = {
			isa = PBXGroup;
			children = (
				35F2F00E280DF50800B55B74 /* LaunchScreen.storyboard */,
				350A90AA280DFCBC00D5BA6E /* Main.storyboard */,
			);
			path = Views;
			sourceTree = "<group>";
		};
		35F2F01A280DFA9A00B55B74 /* Models */ = {
			isa = PBXGroup;
			children = (
			);
			path = Models;
			sourceTree = "<group>";
		};
/* End PBXGroup section */

/* Begin PBXNativeTarget section */
		35F2EFFF280DF50400B55B74 /* InterviewApp */ = {
			isa = PBXNativeTarget;
			buildConfigurationList = 35F2F014280DF50800B55B74 /* Build configuration list for PBXNativeTarget "InterviewApp" */;
			buildPhases = (
				35F2EFFC280DF50400B55B74 /* Sources */,
				35F2EFFD280DF50400B55B74 /* Frameworks */,
				35F2EFFE280DF50400B55B74 /* Resources */,
			);
			buildRules = (
			);
			dependencies = (
			);
			name = InterviewApp;
			productName = InterviewApp;
			productReference = 35F2F000280DF50400B55B74 /* InterviewApp.app */;
			productType = "com.apple.product-type.application";
		};
/* End PBXNativeTarget section */

/* Begin PBXProject section */
		35F2EFF8280DF50400B55B74 /* Project object */ = {
			isa = PBXProject;
			attributes = {
				BuildIndependentTargetsInParallel = 1;
				LastSwiftUpdateCheck = 1330;
				LastUpgradeCheck = 1330;
				TargetAttributes = {
					35F2EFFF280DF50400B55B74 = {
						CreatedOnToolsVersion = 13.3;
					};
				};
			};
			buildConfigurationList = 35F2EFFB280DF50400B55B74 /* Build configuration list for PBXProject "InterviewApp" */;
			compatibilityVersion = "Xcode 13.0";
			developmentRegion = en;
			hasScannedForEncodings = 0;
			knownRegions = (
				en,
				Base,
			);
			mainGroup = 35F2EFF7280DF50400B55B74;
			productRefGroup = 35F2F001280DF50400B55B74 /* Products */;
			projectDirPath = "";
			projectRoot = "";
			targets = (
				35F2EFFF280DF50400B55B74 /* InterviewApp */,
			);
		};
/* End PBXProject section */

/* Begin PBXResourcesBuildPhase section */
		35F2EFFE280DF50400B55B74 /* Resources */ = {
			isa = PBXResourcesBuildPhase;
			buildActionMask = 2147483647;
			files = (
				35F2F010280DF50800B55B74 /* LaunchScreen.storyboard in Resources */,
				350A90AB280DFCBC00D5BA6E /* Main.storyboard in Resources */,
				35F2F00D280DF50800B55B74 /* Assets.xcassets in Resources */,
			);
			runOnlyForDeploymentPostprocessing = 0;
		};
/* End PBXResourcesBuildPhase section */

/* Begin PBXSourcesBuildPhase section */
		35F2EFFC280DF50400B55B74 /* Sources */ = {
			isa = PBXSourcesBuildPhase;
			buildActionMask = 2147483647;
			files = (
				35F2F004280DF50500B55B74 /* AppDelegate.swift in Sources */,
				35A39B2F280E10E0007D6064 /* AddNewInterviewVC.swift in Sources */,
				35A39B2B280E0B15007D6064 /* CalendarVC.swift in Sources */,
				35A39B29280E08F4007D6064 /* InterviewersTVC.swift in Sources */,
				35A39B2D280E0BD5007D6064 /* MyInterviewsTVC.swift in Sources */,
				35F2F01C280DFB1600B55B74 /* AccountTVC.swift in Sources */,
				35A39B35280E1E6E007D6064 /* CustomModalViewController.swift in Sources */,
				35F2F006280DF50500B55B74 /* SceneDelegate.swift in Sources */,
			);
			runOnlyForDeploymentPostprocessing = 0;
		};
/* End PBXSourcesBuildPhase section */

/* Begin PBXVariantGroup section */
		35F2F00E280DF50800B55B74 /* LaunchScreen.storyboard */ = {
			isa = PBXVariantGroup;
			children = (
				35F2F00F280DF50800B55B74 /* Base */,
			);
			name = LaunchScreen.storyboard;
			sourceTree = "<group>";
		};
/* End PBXVariantGroup section */

/* Begin XCBuildConfiguration section */
		35F2F012280DF50800B55B74 /* Debug */ = {
			isa = XCBuildConfiguration;
			buildSettings = {
				ALWAYS_SEARCH_USER_PATHS = NO;
				CLANG_ANALYZER_NONNULL = YES;
				CLANG_ANALYZER_NUMBER_OBJECT_CONVERSION = YES_AGGRESSIVE;
				CLANG_CXX_LANGUAGE_STANDARD = "gnu++17";
				CLANG_ENABLE_MODULES = YES;
				CLANG_ENABLE_OBJC_ARC = YES;
				CLANG_ENABLE_OBJC_WEAK = YES;
				CLANG_WARN_BLOCK_CAPTURE_AUTORELEASING = YES;
				CLANG_WARN_BOOL_CONVERSION = YES;
				CLANG_WARN_COMMA = YES;
				CLANG_WARN_CONSTANT_CONVERSION = YES;
				CLANG_WARN_DEPRECATED_OBJC_IMPLEMENTATIONS = YES;
				CLANG_WARN_DIRECT_OBJC_ISA_USAGE = YES_ERROR;
				CLANG_WARN_DOCUMENTATION_COMMENTS = YES;
				CLANG_WARN_EMPTY_BODY = YES;
				CLANG_WARN_ENUM_CONVERSION = YES;
				CLANG_WARN_INFINITE_RECURSION = YES;
				CLANG_WARN_INT_CONVERSION = YES;
				CLANG_WARN_NON_LITERAL_NULL_CONVERSION = YES;
				CLANG_WARN_OBJC_IMPLICIT_RETAIN_SELF = YES;
				CLANG_WARN_OBJC_LITERAL_CONVERSION = YES;
				CLANG_WARN_OBJC_ROOT_CLASS = YES_ERROR;
				CLANG_WARN_QUOTED_INCLUDE_IN_FRAMEWORK_HEADER = YES;
				CLANG_WARN_RANGE_LOOP_ANALYSIS = YES;
				CLANG_WARN_STRICT_PROTOTYPES = YES;
				CLANG_WARN_SUSPICIOUS_MOVE = YES;
				CLANG_WARN_UNGUARDED_AVAILABILITY = YES_AGGRESSIVE;
				CLANG_WARN_UNREACHABLE_CODE = YES;
				CLANG_WARN__DUPLICATE_METHOD_MATCH = YES;
				COPY_PHASE_STRIP = NO;
				DEBUG_INFORMATION_FORMAT = dwarf;
				ENABLE_STRICT_OBJC_MSGSEND = YES;
				ENABLE_TESTABILITY = YES;
				GCC_C_LANGUAGE_STANDARD = gnu11;
				GCC_DYNAMIC_NO_PIC = NO;
				GCC_NO_COMMON_BLOCKS = YES;
				GCC_OPTIMIZATION_LEVEL = 0;
				GCC_PREPROCESSOR_DEFINITIONS = (
					"DEBUG=1",
					"$(inherited)",
				);
				GCC_WARN_64_TO_32_BIT_CONVERSION = YES;
				GCC_WARN_ABOUT_RETURN_TYPE = YES_ERROR;
				GCC_WARN_UNDECLARED_SELECTOR = YES;
				GCC_WARN_UNINITIALIZED_AUTOS = YES_AGGRESSIVE;
				GCC_WARN_UNUSED_FUNCTION = YES;
				GCC_WARN_UNUSED_VARIABLE = YES;
				IPHONEOS_DEPLOYMENT_TARGET = 15.4;
				MTL_ENABLE_DEBUG_INFO = INCLUDE_SOURCE;
				MTL_FAST_MATH = YES;
				ONLY_ACTIVE_ARCH = YES;
				SDKROOT = iphoneos;
				SWIFT_ACTIVE_COMPILATION_CONDITIONS = DEBUG;
				SWIFT_OPTIMIZATION_LEVEL = "-Onone";
			};
			name = Debug;
		};
		35F2F013280DF50800B55B74 /* Release */ = {
			isa = XCBuildConfiguration;
			buildSettings = {
				ALWAYS_SEARCH_USER_PATHS = NO;
				CLANG_ANALYZER_NONNULL = YES;
				CLANG_ANALYZER_NUMBER_OBJECT_CONVERSION = YES_AGGRESSIVE;
				CLANG_CXX_LANGUAGE_STANDARD = "gnu++17";
				CLANG_ENABLE_MODULES = YES;
				CLANG_ENABLE_OBJC_ARC = YES;
				CLANG_ENABLE_OBJC_WEAK = YES;
				CLANG_WARN_BLOCK_CAPTURE_AUTORELEASING = YES;
				CLANG_WARN_BOOL_CONVERSION = YES;
				CLANG_WARN_COMMA = YES;
				CLANG_WARN_CONSTANT_CONVERSION = YES;
				CLANG_WARN_DEPRECATED_OBJC_IMPLEMENTATIONS = YES;
				CLANG_WARN_DIRECT_OBJC_ISA_USAGE = YES_ERROR;
				CLANG_WARN_DOCUMENTATION_COMMENTS = YES;
				CLANG_WARN_EMPTY_BODY = YES;
				CLANG_WARN_ENUM_CONVERSION = YES;
				CLANG_WARN_INFINITE_RECURSION = YES;
				CLANG_WARN_INT_CONVERSION = YES;
				CLANG_WARN_NON_LITERAL_NULL_CONVERSION = YES;
				CLANG_WARN_OBJC_IMPLICIT_RETAIN_SELF = YES;
				CLANG_WARN_OBJC_LITERAL_CONVERSION = YES;
				CLANG_WARN_OBJC_ROOT_CLASS = YES_ERROR;
				CLANG_WARN_QUOTED_INCLUDE_IN_FRAMEWORK_HEADER = YES;
				CLANG_WARN_RANGE_LOOP_ANALYSIS = YES;
				CLANG_WARN_STRICT_PROTOTYPES = YES;
				CLANG_WARN_SUSPICIOUS_MOVE = YES;
				CLANG_WARN_UNGUARDED_AVAILABILITY = YES_AGGRESSIVE;
				CLANG_WARN_UNREACHABLE_CODE = YES;
				CLANG_WARN__DUPLICATE_METHOD_MATCH = YES;
				COPY_PHASE_STRIP = NO;
				DEBUG_INFORMATION_FORMAT = "dwarf-with-dsym";
				ENABLE_NS_ASSERTIONS = NO;
				ENABLE_STRICT_OBJC_MSGSEND = YES;
				GCC_C_LANGUAGE_STANDARD = gnu11;
				GCC_NO_COMMON_BLOCKS = YES;
				GCC_WARN_64_TO_32_BIT_CONVERSION = YES;
				GCC_WARN_ABOUT_RETURN_TYPE = YES_ERROR;
				GCC_WARN_UNDECLARED_SELECTOR = YES;
				GCC_WARN_UNINITIALIZED_AUTOS = YES_AGGRESSIVE;
				GCC_WARN_UNUSED_FUNCTION = YES;
				GCC_WARN_UNUSED_VARIABLE = YES;
				IPHONEOS_DEPLOYMENT_TARGET = 15.4;
				MTL_ENABLE_DEBUG_INFO = NO;
				MTL_FAST_MATH = YES;
				SDKROOT = iphoneos;
				SWIFT_COMPILATION_MODE = wholemodule;
				SWIFT_OPTIMIZATION_LEVEL = "-O";
				VALIDATE_PRODUCT = YES;
			};
			name = Release;
		};
		35F2F015280DF50800B55B74 /* Debug */ = {
			isa = XCBuildConfiguration;
			buildSettings = {
				ASSETCATALOG_COMPILER_APPICON_NAME = AppIcon;
				ASSETCATALOG_COMPILER_GLOBAL_ACCENT_COLOR_NAME = AccentColor;
				CODE_SIGN_STYLE = Automatic;
				CURRENT_PROJECT_VERSION = 1;
				DEVELOPMENT_TEAM = 9VBDK94U7E;
				GENERATE_INFOPLIST_FILE = YES;
				INFOPLIST_FILE = InterviewApp/Info.plist;
				INFOPLIST_KEY_UIApplicationSupportsIndirectInputEvents = YES;
				INFOPLIST_KEY_UILaunchStoryboardName = LaunchScreen;
				INFOPLIST_KEY_UIMainStoryboardFile = Main;
				INFOPLIST_KEY_UISupportedInterfaceOrientations = UIInterfaceOrientationPortrait;
				INFOPLIST_KEY_UISupportedInterfaceOrientations_iPad = "UIInterfaceOrientationPortrait UIInterfaceOrientationPortraitUpsideDown UIInterfaceOrientationLandscapeLeft UIInterfaceOrientationLandscapeRight";
				INFOPLIST_KEY_UISupportedInterfaceOrientations_iPhone = "UIInterfaceOrientationPortrait UIInterfaceOrientationLandscapeLeft UIInterfaceOrientationLandscapeRight";
				LD_RUNPATH_SEARCH_PATHS = (
					"$(inherited)",
					"@executable_path/Frameworks",
				);
				MARKETING_VERSION = 1.0;
				PRODUCT_BUNDLE_IDENTIFIER = val.InterviewApp;
				PRODUCT_NAME = "$(TARGET_NAME)";
				SWIFT_EMIT_LOC_STRINGS = YES;
				SWIFT_VERSION = 5.0;
				TARGETED_DEVICE_FAMILY = 1;
			};
			name = Debug;
		};
		35F2F016280DF50800B55B74 /* Release */ = {
			isa = XCBuildConfiguration;
			buildSettings = {
				ASSETCATALOG_COMPILER_APPICON_NAME = AppIcon;
				ASSETCATALOG_COMPILER_GLOBAL_ACCENT_COLOR_NAME = AccentColor;
				CODE_SIGN_STYLE = Automatic;
				CURRENT_PROJECT_VERSION = 1;
				DEVELOPMENT_TEAM = 9VBDK94U7E;
				GENERATE_INFOPLIST_FILE = YES;
				INFOPLIST_FILE = InterviewApp/Info.plist;
				INFOPLIST_KEY_UIApplicationSupportsIndirectInputEvents = YES;
				INFOPLIST_KEY_UILaunchStoryboardName = LaunchScreen;
				INFOPLIST_KEY_UIMainStoryboardFile = Main;
				INFOPLIST_KEY_UISupportedInterfaceOrientations = UIInterfaceOrientationPortrait;
				INFOPLIST_KEY_UISupportedInterfaceOrientations_iPad = "UIInterfaceOrientationPortrait UIInterfaceOrientationPortraitUpsideDown UIInterfaceOrientationLandscapeLeft UIInterfaceOrientationLandscapeRight";
				INFOPLIST_KEY_UISupportedInterfaceOrientations_iPhone = "UIInterfaceOrientationPortrait UIInterfaceOrientationLandscapeLeft UIInterfaceOrientationLandscapeRight";
				LD_RUNPATH_SEARCH_PATHS = (
					"$(inherited)",
					"@executable_path/Frameworks",
				);
				MARKETING_VERSION = 1.0;
				PRODUCT_BUNDLE_IDENTIFIER = val.InterviewApp;
				PRODUCT_NAME = "$(TARGET_NAME)";
				SWIFT_EMIT_LOC_STRINGS = YES;
				SWIFT_VERSION = 5.0;
				TARGETED_DEVICE_FAMILY = 1;
			};
			name = Release;
		};
/* End XCBuildConfiguration section */

/* Begin XCConfigurationList section */
		35F2EFFB280DF50400B55B74 /* Build configuration list for PBXProject "InterviewApp" */ = {
			isa = XCConfigurationList;
			buildConfigurations = (
				35F2F012280DF50800B55B74 /* Debug */,
				35F2F013280DF50800B55B74 /* Release */,
			);
			defaultConfigurationIsVisible = 0;
			defaultConfigurationName = Release;
		};
		35F2F014280DF50800B55B74 /* Build configuration list for PBXNativeTarget "InterviewApp" */ = {
			isa = XCConfigurationList;
			buildConfigurations = (
				35F2F015280DF50800B55B74 /* Debug */,
				35F2F016280DF50800B55B74 /* Release */,
			);
			defaultConfigurationIsVisible = 0;
			defaultConfigurationName = Release;
		};
/* End XCConfigurationList section */
	};
	rootObject = 35F2EFF8280DF50400B55B74 /* Project object */;
}
